
Microsoft Visual Studio Solution File, Format Version 12.00
# Visual Studio Version 16
VisualStudioVersion = 16.0.30413.136
MinimumVisualStudioVersion = 10.0.40219.1
Project("{6EC3EE1D-3C4E-46DD-8F32-0CC8E7565705}") = "KeyVaultSigning", "KeyVaultSigning\KeyVaultSigning.fsproj", "{BF9E39DE-E29D-428E-84BE-FF90A63ED039}"
EndProject
Project("{F2A71F9B-5D33-465A-A702-920D77279786}") = "KeyVaultSignTests", "KeyVaultSignTests\KeyVaultSignTests.fsproj", "{B4350258-FE10-499F-BA24-D9328A88CED2}"
EndProject
Global
	GlobalSection(SolutionConfigurationPlatforms) = preSolution
		Debug|Any CPU = Debug|Any CPU
		Release|Any CPU = Release|Any CPU
	EndGlobalSection
	GlobalSection(ProjectConfigurationPlatforms) = postSolution
		{BF9E39DE-E29D-428E-84BE-FF90A63ED039}.Debug|Any CPU.ActiveCfg = Debug|Any CPU
		{BF9E39DE-E29D-428E-84BE-FF90A63ED039}.Debug|Any CPU.Build.0 = Debug|Any CPU
		{BF9E39DE-E29D-428E-84BE-FF90A63ED039}.Release|Any CPU.ActiveCfg = Release|Any CPU
		{BF9E39DE-E29D-428E-84BE-FF90A63ED039}.Release|Any CPU.Build.0 = Release|Any CPU
		{B4350258-FE10-499F-BA24-D9328A88CED2}.Debug|Any CPU.ActiveCfg = Debug|Any CPU
		{B4350258-FE10-499F-BA24-D9328A88CED2}.Debug|Any CPU.Build.0 = Debug|Any CPU
		{B4350258-FE10-499F-BA24-D9328A88CED2}.Release|Any CPU.ActiveCfg = Release|Any CPU
		{B4350258-FE10-499F-BA24-D9328A88CED2}.Release|Any CPU.Build.0 = Release|Any CPU
	EndGlobalSection
	GlobalSection(SolutionProperties) = preSolution
		HideSolutionNode = FALSE
	EndGlobalSection
	GlobalSection(ExtensibilityGlobals) = postSolution
		SolutionGuid = {C93EF5B8-39B9-4E08-9F60-D3EEB27672F9}
	EndGlobalSection
EndGlobal
